// !$*UTF8*$!
{
	archiveVersion = 1;
	classes = {
	};
	objectVersion = 48;
	objects = {

/* Begin PBXBuildFile section */
		8976FDEE240A90FA002D5017 /* SimpleAlertPickersLocalizable.strings in Resources */ = {isa = PBXBuildFile; fileRef = 8976FDE5240A90FA002D5017 /* SimpleAlertPickersLocalizable.strings */; };
		8976FDF0240A90FA002D5017 /* Label.swift in Sources */ = {isa = PBXBuildFile; fileRef = 8976FDE7240A90FA002D5017 /* Label.swift */; };
		8976FDF2240A90FA002D5017 /* SegmentedControl.swift in Sources */ = {isa = PBXBuildFile; fileRef = 8976FDE9240A90FA002D5017 /* SegmentedControl.swift */; };
		8976FDF4240A90FA002D5017 /* GradientSlider.swift in Sources */ = {isa = PBXBuildFile; fileRef = 8976FDEA240A90FA002D5017 /* GradientSlider.swift */; };
		8976FDF6240A90FA002D5017 /* TextField.swift in Sources */ = {isa = PBXBuildFile; fileRef = 8976FDEB240A90FA002D5017 /* TextField.swift */; };
		8976FDF8240A90FA002D5017 /* PickerStyle.swift in Sources */ = {isa = PBXBuildFile; fileRef = 8976FDEC240A90FA002D5017 /* PickerStyle.swift */; };
		8976FDFA240A90FA002D5017 /* Button.swift in Sources */ = {isa = PBXBuildFile; fileRef = 8976FDED240A90FA002D5017 /* Button.swift */; };
		D7636E48216FB7FB0063BCDB /* UIView+Extensions.swift in Sources */ = {isa = PBXBuildFile; fileRef = D7636E47216FB7FB0063BCDB /* UIView+Extensions.swift */; };
		D7950F51217216CC005822F1 /* Bundle+Extensions.swift in Sources */ = {isa = PBXBuildFile; fileRef = D7950F50217216CC005822F1 /* Bundle+Extensions.swift */; };
		D7C5365F21807D2000C7B69A /* PHFetchResult+Extensions.swift in Sources */ = {isa = PBXBuildFile; fileRef = D7C5365E21807D2000C7B69A /* PHFetchResult+Extensions.swift */; };
		D7D51A552167F205006455B6 /* AVCaptureSession+Extensions.swift in Sources */ = {isa = PBXBuildFile; fileRef = D7D51A542167F205006455B6 /* AVCaptureSession+Extensions.swift */; };
		EC0D2A6A25C8A455001111AB /* SimpleAlertPickers.podspec in Resources */ = {isa = PBXBuildFile; fileRef = EC0D2A6925C8A455001111AB /* SimpleAlertPickers.podspec */; };
		FA005E942015E490001EA8C6 /* UISearchBar+Extensions.swift in Sources */ = {isa = PBXBuildFile; fileRef = FA005E932015E490001EA8C6 /* UISearchBar+Extensions.swift */; };
		FA3BB2892008B45600E06F8F /* README.md in Resources */ = {isa = PBXBuildFile; fileRef = FA3BB2882008B45600E06F8F /* README.md */; };
		FA3BB2B22008B46800E06F8F /* Array+Extensions.swift in Sources */ = {isa = PBXBuildFile; fileRef = FA3BB2942008B46600E06F8F /* Array+Extensions.swift */; };
		FA3BB2B32008B46800E06F8F /* UISegmentedControl+Extensions.swift in Sources */ = {isa = PBXBuildFile; fileRef = FA3BB2952008B46600E06F8F /* UISegmentedControl+Extensions.swift */; };
		FA3BB2B52008B46800E06F8F /* Date+Extension.swift in Sources */ = {isa = PBXBuildFile; fileRef = FA3BB2972008B46600E06F8F /* Date+Extension.swift */; };
		FA3BB2B62008B46800E06F8F /* String+Extensions.swift in Sources */ = {isa = PBXBuildFile; fileRef = FA3BB2982008B46600E06F8F /* String+Extensions.swift */; };
		FA3BB2B72008B46800E06F8F /* UITextView+Extensions.swift in Sources */ = {isa = PBXBuildFile; fileRef = FA3BB2992008B46600E06F8F /* UITextView+Extensions.swift */; };
		FA3BB2B82008B46900E06F8F /* UIColor+Extensions.swift in Sources */ = {isa = PBXBuildFile; fileRef = FA3BB29A2008B46600E06F8F /* UIColor+Extensions.swift */; };
		FA3BB2B92008B46900E06F8F /* UIImage+Extensions.swift in Sources */ = {isa = PBXBuildFile; fileRef = FA3BB29B2008B46600E06F8F /* UIImage+Extensions.swift */; };
		FA3BB2BA2008B46900E06F8F /* UIAlertController+Extensions.swift in Sources */ = {isa = PBXBuildFile; fileRef = FA3BB29C2008B46600E06F8F /* UIAlertController+Extensions.swift */; };
		FA3BB2BB2008B46900E06F8F /* Optional+Extensions.swift in Sources */ = {isa = PBXBuildFile; fileRef = FA3BB29D2008B46600E06F8F /* Optional+Extensions.swift */; };
		FA3BB2BC2008B46900E06F8F /* Common+Extensions.swift in Sources */ = {isa = PBXBuildFile; fileRef = FA3BB29E2008B46600E06F8F /* Common+Extensions.swift */; };
		FA3BB2BD2008B46900E06F8F /* Locale+Extensions.swift in Sources */ = {isa = PBXBuildFile; fileRef = FA3BB29F2008B46600E06F8F /* Locale+Extensions.swift */; };
		FA3BB2BE2008B46900E06F8F /* UITextField+Extensions.swift in Sources */ = {isa = PBXBuildFile; fileRef = FA3BB2A02008B46600E06F8F /* UITextField+Extensions.swift */; };
		FA3BB2BF2008B46900E06F8F /* Countries.bundle in Resources */ = {isa = PBXBuildFile; fileRef = FA3BB2A22008B46800E06F8F /* Countries.bundle */; };
		FA3BB2C02008B46900E06F8F /* DatePickerViewController.swift in Sources */ = {isa = PBXBuildFile; fileRef = FA3BB2A32008B46800E06F8F /* DatePickerViewController.swift */; };
		FA3BB2C22008B46900E06F8F /* PickerViewViewController.swift in Sources */ = {isa = PBXBuildFile; fileRef = FA3BB2A52008B46800E06F8F /* PickerViewViewController.swift */; };
		FA3BB2C32008B46900E06F8F /* LocalePickerViewController.swift in Sources */ = {isa = PBXBuildFile; fileRef = FA3BB2A62008B46800E06F8F /* LocalePickerViewController.swift */; };
		FA3BB2C42008B46900E06F8F /* TwoTextFieldsViewController.swift in Sources */ = {isa = PBXBuildFile; fileRef = FA3BB2A72008B46800E06F8F /* TwoTextFieldsViewController.swift */; };
		FA3BB2C52008B46900E06F8F /* OneTextFieldViewController.swift in Sources */ = {isa = PBXBuildFile; fileRef = FA3BB2A82008B46800E06F8F /* OneTextFieldViewController.swift */; };
		FA3BB2CD2008B98F00E06F8F /* Assets in Resources */ = {isa = PBXBuildFile; fileRef = FA3BB2CC2008B98F00E06F8F /* Assets */; };
		FA3BB2CF2008B9FA00E06F8F /* LICENSE in Resources */ = {isa = PBXBuildFile; fileRef = FA3BB2CE2008B9FA00E06F8F /* LICENSE */; };
		FA7CE6DB2014AC4C00FB3E72 /* UIImageView+Extensions.swift in Sources */ = {isa = PBXBuildFile; fileRef = FA7CE6DA2014AC4C00FB3E72 /* UIImageView+Extensions.swift */; };
		FAAB5C83201BC16500CCE04D /* LocaleInfo.swift in Sources */ = {isa = PBXBuildFile; fileRef = FAAB5C82201BC16500CCE04D /* LocaleInfo.swift */; };
		FAAB5C85201BC26900CCE04D /* LocaleStore.swift in Sources */ = {isa = PBXBuildFile; fileRef = FAAB5C84201BC26900CCE04D /* LocaleStore.swift */; };
		FAAB5C89201BCA6700CCE04D /* CurrencyCell.swift in Sources */ = {isa = PBXBuildFile; fileRef = FAAB5C88201BCA6700CCE04D /* CurrencyCell.swift */; };
		FAAB5C8C201BCAFB00CCE04D /* CountryCell.swift in Sources */ = {isa = PBXBuildFile; fileRef = FAAB5C8B201BCAFB00CCE04D /* CountryCell.swift */; };
		FAAB5C8E201BCB2500CCE04D /* PhoneCodeCell.swift in Sources */ = {isa = PBXBuildFile; fileRef = FAAB5C8D201BCB2500CCE04D /* PhoneCodeCell.swift */; };
		FAAB5CA4201DEE0B00CCE04D /* UIApplication+Extensions.swift in Sources */ = {isa = PBXBuildFile; fileRef = FAAB5CA3201DEE0B00CCE04D /* UIApplication+Extensions.swift */; };
		FAAB5CA6201DEE9C00CCE04D /* UIViewController+Extensions.swift in Sources */ = {isa = PBXBuildFile; fileRef = FAAB5CA5201DEE9C00CCE04D /* UIViewController+Extensions.swift */; };
		FAAB5CA8201F74B700CCE04D /* AttributedTextBlock.swift in Sources */ = {isa = PBXBuildFile; fileRef = FAAB5CA7201F74B700CCE04D /* AttributedTextBlock.swift */; };
		FABFAA68200C963F00961895 /* ColorPickerViewController.swift in Sources */ = {isa = PBXBuildFile; fileRef = FABFAA67200C963F00961895 /* ColorPickerViewController.swift */; };
		FABFAA6A200D470800961895 /* TextViewController.swift in Sources */ = {isa = PBXBuildFile; fileRef = FABFAA69200D470800961895 /* TextViewController.swift */; };
/* End PBXBuildFile section */

/* Begin PBXFileReference section */
		65CFE76D21EBDE2A00A51361 /* SimpleAlertPickers.h */ = {isa = PBXFileReference; lastKnownFileType = sourcecode.c.h; path = SimpleAlertPickers.h; sourceTree = "<group>"; };
		65CFE76E21EBDE2A00A51361 /* Info.plist */ = {isa = PBXFileReference; lastKnownFileType = text.plist.xml; path = Info.plist; sourceTree = "<group>"; };
		8976FDE6240A90FA002D5017 /* ar */ = {isa = PBXFileReference; lastKnownFileType = text.plist.strings; name = ar; path = ar.lproj/SimpleAlertPickersLocalizable.strings; sourceTree = "<group>"; };
		8976FDE7240A90FA002D5017 /* Label.swift */ = {isa = PBXFileReference; fileEncoding = 4; lastKnownFileType = sourcecode.swift; path = Label.swift; sourceTree = "<group>"; };
		8976FDE8240A90FA002D5017 /* en */ = {isa = PBXFileReference; lastKnownFileType = text.plist.strings; name = en; path = en.lproj/SimpleAlertPickersLocalizable.strings; sourceTree = "<group>"; };
		8976FDE9240A90FA002D5017 /* SegmentedControl.swift */ = {isa = PBXFileReference; fileEncoding = 4; lastKnownFileType = sourcecode.swift; path = SegmentedControl.swift; sourceTree = "<group>"; };
		8976FDEA240A90FA002D5017 /* GradientSlider.swift */ = {isa = PBXFileReference; fileEncoding = 4; lastKnownFileType = sourcecode.swift; path = GradientSlider.swift; sourceTree = "<group>"; };
		8976FDEB240A90FA002D5017 /* TextField.swift */ = {isa = PBXFileReference; fileEncoding = 4; lastKnownFileType = sourcecode.swift; path = TextField.swift; sourceTree = "<group>"; };
		8976FDEC240A90FA002D5017 /* PickerStyle.swift */ = {isa = PBXFileReference; fileEncoding = 4; lastKnownFileType = sourcecode.swift; path = PickerStyle.swift; sourceTree = "<group>"; };
		8976FDED240A90FA002D5017 /* Button.swift */ = {isa = PBXFileReference; fileEncoding = 4; lastKnownFileType = sourcecode.swift; path = Button.swift; sourceTree = "<group>"; };
		D7636E47216FB7FB0063BCDB /* UIView+Extensions.swift */ = {isa = PBXFileReference; lastKnownFileType = sourcecode.swift; path = "UIView+Extensions.swift"; sourceTree = "<group>"; };
		D7950F50217216CC005822F1 /* Bundle+Extensions.swift */ = {isa = PBXFileReference; lastKnownFileType = sourcecode.swift; path = "Bundle+Extensions.swift"; sourceTree = "<group>"; };
		D7C5365E21807D2000C7B69A /* PHFetchResult+Extensions.swift */ = {isa = PBXFileReference; lastKnownFileType = sourcecode.swift; path = "PHFetchResult+Extensions.swift"; sourceTree = "<group>"; };
		D7D51A542167F205006455B6 /* AVCaptureSession+Extensions.swift */ = {isa = PBXFileReference; lastKnownFileType = sourcecode.swift; path = "AVCaptureSession+Extensions.swift"; sourceTree = "<group>"; };
		EC0D2A6925C8A455001111AB /* SimpleAlertPickers.podspec */ = {isa = PBXFileReference; fileEncoding = 4; lastKnownFileType = text; path = SimpleAlertPickers.podspec; sourceTree = "<group>"; };
		FA005E932015E490001EA8C6 /* UISearchBar+Extensions.swift */ = {isa = PBXFileReference; lastKnownFileType = sourcecode.swift; path = "UISearchBar+Extensions.swift"; sourceTree = "<group>"; };
		FA3BB2732008B41B00E06F8F /* SimpleAlertPickers.app */ = {isa = PBXFileReference; explicitFileType = wrapper.application; includeInIndex = 0; path = SimpleAlertPickers.app; sourceTree = BUILT_PRODUCTS_DIR; };
		FA3BB2882008B45600E06F8F /* README.md */ = {isa = PBXFileReference; fileEncoding = 4; lastKnownFileType = net.daringfireball.markdown; path = README.md; sourceTree = "<group>"; };
		FA3BB2942008B46600E06F8F /* Array+Extensions.swift */ = {isa = PBXFileReference; fileEncoding = 4; lastKnownFileType = sourcecode.swift; path = "Array+Extensions.swift"; sourceTree = "<group>"; };
		FA3BB2952008B46600E06F8F /* UISegmentedControl+Extensions.swift */ = {isa = PBXFileReference; fileEncoding = 4; lastKnownFileType = sourcecode.swift; path = "UISegmentedControl+Extensions.swift"; sourceTree = "<group>"; };
		FA3BB2972008B46600E06F8F /* Date+Extension.swift */ = {isa = PBXFileReference; fileEncoding = 4; lastKnownFileType = sourcecode.swift; path = "Date+Extension.swift"; sourceTree = "<group>"; };
		FA3BB2982008B46600E06F8F /* String+Extensions.swift */ = {isa = PBXFileReference; fileEncoding = 4; lastKnownFileType = sourcecode.swift; path = "String+Extensions.swift"; sourceTree = "<group>"; };
		FA3BB2992008B46600E06F8F /* UITextView+Extensions.swift */ = {isa = PBXFileReference; fileEncoding = 4; lastKnownFileType = sourcecode.swift; path = "UITextView+Extensions.swift"; sourceTree = "<group>"; };
		FA3BB29A2008B46600E06F8F /* UIColor+Extensions.swift */ = {isa = PBXFileReference; fileEncoding = 4; lastKnownFileType = sourcecode.swift; path = "UIColor+Extensions.swift"; sourceTree = "<group>"; };
		FA3BB29B2008B46600E06F8F /* UIImage+Extensions.swift */ = {isa = PBXFileReference; fileEncoding = 4; lastKnownFileType = sourcecode.swift; path = "UIImage+Extensions.swift"; sourceTree = "<group>"; };
		FA3BB29C2008B46600E06F8F /* UIAlertController+Extensions.swift */ = {isa = PBXFileReference; fileEncoding = 4; lastKnownFileType = sourcecode.swift; path = "UIAlertController+Extensions.swift"; sourceTree = "<group>"; };
		FA3BB29D2008B46600E06F8F /* Optional+Extensions.swift */ = {isa = PBXFileReference; fileEncoding = 4; lastKnownFileType = sourcecode.swift; path = "Optional+Extensions.swift"; sourceTree = "<group>"; };
		FA3BB29E2008B46600E06F8F /* Common+Extensions.swift */ = {isa = PBXFileReference; fileEncoding = 4; lastKnownFileType = sourcecode.swift; path = "Common+Extensions.swift"; sourceTree = "<group>"; };
		FA3BB29F2008B46600E06F8F /* Locale+Extensions.swift */ = {isa = PBXFileReference; fileEncoding = 4; lastKnownFileType = sourcecode.swift; path = "Locale+Extensions.swift"; sourceTree = "<group>"; };
		FA3BB2A02008B46600E06F8F /* UITextField+Extensions.swift */ = {isa = PBXFileReference; fileEncoding = 4; lastKnownFileType = sourcecode.swift; path = "UITextField+Extensions.swift"; sourceTree = "<group>"; };
		FA3BB2A22008B46800E06F8F /* Countries.bundle */ = {isa = PBXFileReference; lastKnownFileType = "wrapper.plug-in"; path = Countries.bundle; sourceTree = "<group>"; };
		FA3BB2A32008B46800E06F8F /* DatePickerViewController.swift */ = {isa = PBXFileReference; fileEncoding = 4; lastKnownFileType = sourcecode.swift; path = DatePickerViewController.swift; sourceTree = "<group>"; };
		FA3BB2A52008B46800E06F8F /* PickerViewViewController.swift */ = {isa = PBXFileReference; fileEncoding = 4; lastKnownFileType = sourcecode.swift; path = PickerViewViewController.swift; sourceTree = "<group>"; };
		FA3BB2A62008B46800E06F8F /* LocalePickerViewController.swift */ = {isa = PBXFileReference; fileEncoding = 4; lastKnownFileType = sourcecode.swift; path = LocalePickerViewController.swift; sourceTree = "<group>"; };
		FA3BB2A72008B46800E06F8F /* TwoTextFieldsViewController.swift */ = {isa = PBXFileReference; fileEncoding = 4; lastKnownFileType = sourcecode.swift; path = TwoTextFieldsViewController.swift; sourceTree = "<group>"; };
		FA3BB2A82008B46800E06F8F /* OneTextFieldViewController.swift */ = {isa = PBXFileReference; fileEncoding = 4; lastKnownFileType = sourcecode.swift; path = OneTextFieldViewController.swift; sourceTree = "<group>"; };
		FA3BB2CC2008B98F00E06F8F /* Assets */ = {isa = PBXFileReference; lastKnownFileType = folder; path = Assets; sourceTree = "<group>"; };
		FA3BB2CE2008B9FA00E06F8F /* LICENSE */ = {isa = PBXFileReference; fileEncoding = 4; lastKnownFileType = text; path = LICENSE; sourceTree = "<group>"; };
		FA7CE6DA2014AC4C00FB3E72 /* UIImageView+Extensions.swift */ = {isa = PBXFileReference; lastKnownFileType = sourcecode.swift; path = "UIImageView+Extensions.swift"; sourceTree = "<group>"; };
		FAAB5C82201BC16500CCE04D /* LocaleInfo.swift */ = {isa = PBXFileReference; lastKnownFileType = sourcecode.swift; path = LocaleInfo.swift; sourceTree = "<group>"; };
		FAAB5C84201BC26900CCE04D /* LocaleStore.swift */ = {isa = PBXFileReference; lastKnownFileType = sourcecode.swift; path = LocaleStore.swift; sourceTree = "<group>"; };
		FAAB5C88201BCA6700CCE04D /* CurrencyCell.swift */ = {isa = PBXFileReference; lastKnownFileType = sourcecode.swift; path = CurrencyCell.swift; sourceTree = "<group>"; };
		FAAB5C8B201BCAFB00CCE04D /* CountryCell.swift */ = {isa = PBXFileReference; lastKnownFileType = sourcecode.swift; path = CountryCell.swift; sourceTree = "<group>"; };
		FAAB5C8D201BCB2500CCE04D /* PhoneCodeCell.swift */ = {isa = PBXFileReference; lastKnownFileType = sourcecode.swift; path = PhoneCodeCell.swift; sourceTree = "<group>"; };
		FAAB5CA3201DEE0B00CCE04D /* UIApplication+Extensions.swift */ = {isa = PBXFileReference; lastKnownFileType = sourcecode.swift; path = "UIApplication+Extensions.swift"; sourceTree = "<group>"; };
		FAAB5CA5201DEE9C00CCE04D /* UIViewController+Extensions.swift */ = {isa = PBXFileReference; lastKnownFileType = sourcecode.swift; path = "UIViewController+Extensions.swift"; sourceTree = "<group>"; };
		FAAB5CA7201F74B700CCE04D /* AttributedTextBlock.swift */ = {isa = PBXFileReference; lastKnownFileType = sourcecode.swift; path = AttributedTextBlock.swift; sourceTree = "<group>"; };
		FABFAA67200C963F00961895 /* ColorPickerViewController.swift */ = {isa = PBXFileReference; lastKnownFileType = sourcecode.swift; path = ColorPickerViewController.swift; sourceTree = "<group>"; };
		FABFAA69200D470800961895 /* TextViewController.swift */ = {isa = PBXFileReference; lastKnownFileType = sourcecode.swift; path = TextViewController.swift; sourceTree = "<group>"; };
/* End PBXFileReference section */

/* Begin PBXFrameworksBuildPhase section */
		FA3BB2702008B41B00E06F8F /* Frameworks */ = {
			isa = PBXFrameworksBuildPhase;
			buildActionMask = 2147483647;
			files = (
			);
			runOnlyForDeploymentPostprocessing = 0;
		};
/* End PBXFrameworksBuildPhase section */

/* Begin PBXGroup section */
		65CFE76C21EBDE2A00A51361 /* SimpleAlertPickers */ = {
			isa = PBXGroup;
			children = (
				65CFE76D21EBDE2A00A51361 /* SimpleAlertPickers.h */,
				65CFE76E21EBDE2A00A51361 /* Info.plist */,
			);
			path = SimpleAlertPickers;
			sourceTree = "<group>";
		};
		8976FDE4240A90FA002D5017 /* Views */ = {
			isa = PBXGroup;
			children = (
				8976FDE5240A90FA002D5017 /* SimpleAlertPickersLocalizable.strings */,
				8976FDE7240A90FA002D5017 /* Label.swift */,
				8976FDE9240A90FA002D5017 /* SegmentedControl.swift */,
				8976FDEA240A90FA002D5017 /* GradientSlider.swift */,
				8976FDEB240A90FA002D5017 /* TextField.swift */,
				8976FDEC240A90FA002D5017 /* PickerStyle.swift */,
				8976FDED240A90FA002D5017 /* Button.swift */,
			);
			path = Views;
			sourceTree = "<group>";
		};
		FA3BB26A2008B41B00E06F8F = {
			isa = PBXGroup;
			children = (
				EC0D2A6925C8A455001111AB /* SimpleAlertPickers.podspec */,
				FA3BB2882008B45600E06F8F /* README.md */,
				FA3BB2CE2008B9FA00E06F8F /* LICENSE */,
				FA3BB2CB2008B87A00E06F8F /* Source */,
				FA3BB2CC2008B98F00E06F8F /* Assets */,
				65CFE76C21EBDE2A00A51361 /* SimpleAlertPickers */,
				FA3BB2742008B41B00E06F8F /* Products */,
			);
			sourceTree = "<group>";
		};
		FA3BB2742008B41B00E06F8F /* Products */ = {
			isa = PBXGroup;
			children = (
				FA3BB2732008B41B00E06F8F /* SimpleAlertPickers.app */,
			);
			name = Products;
			sourceTree = "<group>";
		};
		FA3BB2932008B46600E06F8F /* Extensions */ = {
			isa = PBXGroup;
			children = (
				FA3BB2942008B46600E06F8F /* Array+Extensions.swift */,
				FA3BB29E2008B46600E06F8F /* Common+Extensions.swift */,
				FA3BB2972008B46600E06F8F /* Date+Extension.swift */,
				D7950F50217216CC005822F1 /* Bundle+Extensions.swift */,
				FA3BB29F2008B46600E06F8F /* Locale+Extensions.swift */,
				FA3BB29D2008B46600E06F8F /* Optional+Extensions.swift */,
				FA3BB2982008B46600E06F8F /* String+Extensions.swift */,
				FA3BB29C2008B46600E06F8F /* UIAlertController+Extensions.swift */,
				FA3BB29A2008B46600E06F8F /* UIColor+Extensions.swift */,
				FA3BB29B2008B46600E06F8F /* UIImage+Extensions.swift */,
				FA3BB2952008B46600E06F8F /* UISegmentedControl+Extensions.swift */,
				FA3BB2A02008B46600E06F8F /* UITextField+Extensions.swift */,
				FA3BB2992008B46600E06F8F /* UITextView+Extensions.swift */,
				FA7CE6DA2014AC4C00FB3E72 /* UIImageView+Extensions.swift */,
				FA005E932015E490001EA8C6 /* UISearchBar+Extensions.swift */,
				FAAB5CA3201DEE0B00CCE04D /* UIApplication+Extensions.swift */,
				FAAB5CA5201DEE9C00CCE04D /* UIViewController+Extensions.swift */,
				D7636E47216FB7FB0063BCDB /* UIView+Extensions.swift */,
				D7C5365E21807D2000C7B69A /* PHFetchResult+Extensions.swift */,
				D7D51A542167F205006455B6 /* AVCaptureSession+Extensions.swift */,
			);
			path = Extensions;
			sourceTree = "<group>";
		};
		FA3BB2A12008B46800E06F8F /* Pickers */ = {
			isa = PBXGroup;
			children = (
				FA4B0373201A814100D282E2 /* Color */,
				FAAB5C95201BCC8D00CCE04D /* Date */,
				FAAB5C81201BC14900CCE04D /* Locale */,
				FAAB5C92201BCC4800CCE04D /* PickerView */,
				FAAB5C8F201BCBA100CCE04D /* TextFields */,
			);
			path = Pickers;
			sourceTree = "<group>";
		};
		FA3BB2CB2008B87A00E06F8F /* Source */ = {
			isa = PBXGroup;
			children = (
				FA826F83200E8B6200ECC926 /* Viewers */,
				FA3BB2932008B46600E06F8F /* Extensions */,
				FA3BB2A12008B46800E06F8F /* Pickers */,
				8976FDE4240A90FA002D5017 /* Views */,
			);
			path = Source;
			sourceTree = "<group>";
		};
		FA4B0373201A814100D282E2 /* Color */ = {
			isa = PBXGroup;
			children = (
				FABFAA67200C963F00961895 /* ColorPickerViewController.swift */,
			);
			path = Color;
			sourceTree = "<group>";
		};
		FA826F83200E8B6200ECC926 /* Viewers */ = {
			isa = PBXGroup;
			children = (
				FAAB5CA9201F74F400CCE04D /* Models */,
				FABFAA69200D470800961895 /* TextViewController.swift */,
			);
			path = Viewers;
			sourceTree = "<group>";
		};
		FAAB5C81201BC14900CCE04D /* Locale */ = {
			isa = PBXGroup;
			children = (
				FA3BB2A22008B46800E06F8F /* Countries.bundle */,
				FA3BB2A62008B46800E06F8F /* LocalePickerViewController.swift */,
				FAAB5C87201BCA4F00CCE04D /* Managers */,
				FAAB5C86201BCA4500CCE04D /* Models */,
				FAAB5C8A201BCAE700CCE04D /* Views */,
			);
			path = Locale;
			sourceTree = "<group>";
		};
		FAAB5C86201BCA4500CCE04D /* Models */ = {
			isa = PBXGroup;
			children = (
				FAAB5C82201BC16500CCE04D /* LocaleInfo.swift */,
			);
			path = Models;
			sourceTree = "<group>";
		};
		FAAB5C87201BCA4F00CCE04D /* Managers */ = {
			isa = PBXGroup;
			children = (
				FAAB5C84201BC26900CCE04D /* LocaleStore.swift */,
			);
			path = Managers;
			sourceTree = "<group>";
		};
		FAAB5C8A201BCAE700CCE04D /* Views */ = {
			isa = PBXGroup;
			children = (
				FAAB5C88201BCA6700CCE04D /* CurrencyCell.swift */,
				FAAB5C8B201BCAFB00CCE04D /* CountryCell.swift */,
				FAAB5C8D201BCB2500CCE04D /* PhoneCodeCell.swift */,
			);
			path = Views;
			sourceTree = "<group>";
		};
		FAAB5C8F201BCBA100CCE04D /* TextFields */ = {
			isa = PBXGroup;
			children = (
				FA3BB2A72008B46800E06F8F /* TwoTextFieldsViewController.swift */,
				FA3BB2A82008B46800E06F8F /* OneTextFieldViewController.swift */,
			);
			path = TextFields;
			sourceTree = "<group>";
		};
		FAAB5C92201BCC4800CCE04D /* PickerView */ = {
			isa = PBXGroup;
			children = (
				FA3BB2A52008B46800E06F8F /* PickerViewViewController.swift */,
			);
			path = PickerView;
			sourceTree = "<group>";
		};
		FAAB5C95201BCC8D00CCE04D /* Date */ = {
			isa = PBXGroup;
			children = (
				FA3BB2A32008B46800E06F8F /* DatePickerViewController.swift */,
			);
			path = Date;
			sourceTree = "<group>";
		};
		FAAB5CA9201F74F400CCE04D /* Models */ = {
			isa = PBXGroup;
			children = (
				FAAB5CA7201F74B700CCE04D /* AttributedTextBlock.swift */,
			);
			path = Models;
			sourceTree = "<group>";
		};
/* End PBXGroup section */

/* Begin PBXNativeTarget section */
		FA3BB2722008B41B00E06F8F /* SimpleAlertPickers */ = {
			isa = PBXNativeTarget;
			buildConfigurationList = FA3BB2852008B41B00E06F8F /* Build configuration list for PBXNativeTarget "SimpleAlertPickers" */;
			buildPhases = (
				FA3BB26F2008B41B00E06F8F /* Sources */,
				FA3BB2702008B41B00E06F8F /* Frameworks */,
				FA3BB2712008B41B00E06F8F /* Resources */,
			);
			buildRules = (
			);
			dependencies = (
			);
			name = SimpleAlertPickers;
			productName = "Alerts&Pickers";
			productReference = FA3BB2732008B41B00E06F8F /* SimpleAlertPickers.app */;
			productType = "com.apple.product-type.application";
		};
/* End PBXNativeTarget section */

/* Begin PBXProject section */
		FA3BB26B2008B41B00E06F8F /* Project object */ = {
			isa = PBXProject;
			attributes = {
				LastSwiftUpdateCheck = 0920;
				LastUpgradeCheck = 0940;
				ORGANIZATIONNAME = Jzorz;
				TargetAttributes = {
					FA3BB2722008B41B00E06F8F = {
						CreatedOnToolsVersion = 9.2;
						LastSwiftMigration = 1010;
						ProvisioningStyle = Automatic;
					};
				};
			};
			buildConfigurationList = FA3BB26E2008B41B00E06F8F /* Build configuration list for PBXProject "SimpleAlertPickers" */;
			compatibilityVersion = "Xcode 8.0";
			developmentRegion = en;
			hasScannedForEncodings = 0;
			knownRegions = (
				en,
				Base,
				ar,
			);
			mainGroup = FA3BB26A2008B41B00E06F8F;
			productRefGroup = FA3BB2742008B41B00E06F8F /* Products */;
			projectDirPath = "";
			projectRoot = "";
			targets = (
				FA3BB2722008B41B00E06F8F /* SimpleAlertPickers */,
			);
		};
/* End PBXProject section */

/* Begin PBXResourcesBuildPhase section */
		FA3BB2712008B41B00E06F8F /* Resources */ = {
			isa = PBXResourcesBuildPhase;
			buildActionMask = 2147483647;
			files = (
				FA3BB2CF2008B9FA00E06F8F /* LICENSE in Resources */,
				FA3BB2BF2008B46900E06F8F /* Countries.bundle in Resources */,
				EC0D2A6A25C8A455001111AB /* SimpleAlertPickers.podspec in Resources */,
				8976FDEE240A90FA002D5017 /* SimpleAlertPickersLocalizable.strings in Resources */,
				FA3BB2CD2008B98F00E06F8F /* Assets in Resources */,
				FA3BB2892008B45600E06F8F /* README.md in Resources */,
			);
			runOnlyForDeploymentPostprocessing = 0;
		};
/* End PBXResourcesBuildPhase section */

/* Begin PBXSourcesBuildPhase section */
		FA3BB26F2008B41B00E06F8F /* Sources */ = {
			isa = PBXSourcesBuildPhase;
			buildActionMask = 2147483647;
			files = (
				FAAB5CA4201DEE0B00CCE04D /* UIApplication+Extensions.swift in Sources */,
				D7D51A552167F205006455B6 /* AVCaptureSession+Extensions.swift in Sources */,
				FA3BB2BC2008B46900E06F8F /* Common+Extensions.swift in Sources */,
				8976FDF6240A90FA002D5017 /* TextField.swift in Sources */,
				FAAB5C8C201BCAFB00CCE04D /* CountryCell.swift in Sources */,
				8976FDF4240A90FA002D5017 /* GradientSlider.swift in Sources */,
				FABFAA6A200D470800961895 /* TextViewController.swift in Sources */,
				FA3BB2B82008B46900E06F8F /* UIColor+Extensions.swift in Sources */,
				FA3BB2B72008B46800E06F8F /* UITextView+Extensions.swift in Sources */,
				FAAB5C85201BC26900CCE04D /* LocaleStore.swift in Sources */,
				D7C5365F21807D2000C7B69A /* PHFetchResult+Extensions.swift in Sources */,
				D7636E48216FB7FB0063BCDB /* UIView+Extensions.swift in Sources */,
				8976FDFA240A90FA002D5017 /* Button.swift in Sources */,
				FAAB5CA8201F74B700CCE04D /* AttributedTextBlock.swift in Sources */,
				8976FDF0240A90FA002D5017 /* Label.swift in Sources */,
				8976FDF8240A90FA002D5017 /* PickerStyle.swift in Sources */,
				FA3BB2BB2008B46900E06F8F /* Optional+Extensions.swift in Sources */,
				FABFAA68200C963F00961895 /* ColorPickerViewController.swift in Sources */,
				FA7CE6DB2014AC4C00FB3E72 /* UIImageView+Extensions.swift in Sources */,
				FA3BB2B92008B46900E06F8F /* UIImage+Extensions.swift in Sources */,
				FA3BB2C32008B46900E06F8F /* LocalePickerViewController.swift in Sources */,
				FA3BB2C42008B46900E06F8F /* TwoTextFieldsViewController.swift in Sources */,
				FA3BB2B32008B46800E06F8F /* UISegmentedControl+Extensions.swift in Sources */,
				8976FDF2240A90FA002D5017 /* SegmentedControl.swift in Sources */,
				FAAB5C8E201BCB2500CCE04D /* PhoneCodeCell.swift in Sources */,
				D7950F51217216CC005822F1 /* Bundle+Extensions.swift in Sources */,
				FAAB5C89201BCA6700CCE04D /* CurrencyCell.swift in Sources */,
				FA3BB2C52008B46900E06F8F /* OneTextFieldViewController.swift in Sources */,
				FA3BB2BE2008B46900E06F8F /* UITextField+Extensions.swift in Sources */,
				FA3BB2B62008B46800E06F8F /* String+Extensions.swift in Sources */,
				FAAB5C83201BC16500CCE04D /* LocaleInfo.swift in Sources */,
				FA005E942015E490001EA8C6 /* UISearchBar+Extensions.swift in Sources */,
				FA3BB2B52008B46800E06F8F /* Date+Extension.swift in Sources */,
				FA3BB2C02008B46900E06F8F /* DatePickerViewController.swift in Sources */,
				FA3BB2BA2008B46900E06F8F /* UIAlertController+Extensions.swift in Sources */,
				FA3BB2C22008B46900E06F8F /* PickerViewViewController.swift in Sources */,
				FAAB5CA6201DEE9C00CCE04D /* UIViewController+Extensions.swift in Sources */,
				FA3BB2B22008B46800E06F8F /* Array+Extensions.swift in Sources */,
				FA3BB2BD2008B46900E06F8F /* Locale+Extensions.swift in Sources */,
			);
			runOnlyForDeploymentPostprocessing = 0;
		};
/* End PBXSourcesBuildPhase section */

/* Begin PBXVariantGroup section */
		8976FDE5240A90FA002D5017 /* SimpleAlertPickersLocalizable.strings */ = {
			isa = PBXVariantGroup;
			children = (
				8976FDE6240A90FA002D5017 /* ar */,
				8976FDE8240A90FA002D5017 /* en */,
			);
			name = SimpleAlertPickersLocalizable.strings;
			sourceTree = "<group>";
		};
/* End PBXVariantGroup section */

/* Begin XCBuildConfiguration section */
		FA3BB2832008B41B00E06F8F /* Debug */ = {
			isa = XCBuildConfiguration;
			buildSettings = {
				ALWAYS_SEARCH_USER_PATHS = NO;
				CLANG_ANALYZER_NONNULL = YES;
				CLANG_ANALYZER_NUMBER_OBJECT_CONVERSION = YES_AGGRESSIVE;
				CLANG_CXX_LANGUAGE_STANDARD = "gnu++14";
				CLANG_CXX_LIBRARY = "libc++";
				CLANG_ENABLE_MODULES = YES;
				CLANG_ENABLE_OBJC_ARC = YES;
				CLANG_WARN_BLOCK_CAPTURE_AUTORELEASING = YES;
				CLANG_WARN_BOOL_CONVERSION = YES;
				CLANG_WARN_COMMA = YES;
				CLANG_WARN_CONSTANT_CONVERSION = YES;
				CLANG_WARN_DEPRECATED_OBJC_IMPLEMENTATIONS = YES;
				CLANG_WARN_DIRECT_OBJC_ISA_USAGE = YES_ERROR;
				CLANG_WARN_DOCUMENTATION_COMMENTS = YES;
				CLANG_WARN_EMPTY_BODY = YES;
				CLANG_WARN_ENUM_CONVERSION = YES;
				CLANG_WARN_INFINITE_RECURSION = YES;
				CLANG_WARN_INT_CONVERSION = YES;
				CLANG_WARN_NON_LITERAL_NULL_CONVERSION = YES;
				CLANG_WARN_OBJC_IMPLICIT_RETAIN_SELF = YES;
				CLANG_WARN_OBJC_LITERAL_CONVERSION = YES;
				CLANG_WARN_OBJC_ROOT_CLASS = YES_ERROR;
				CLANG_WARN_RANGE_LOOP_ANALYSIS = YES;
				CLANG_WARN_STRICT_PROTOTYPES = YES;
				CLANG_WARN_SUSPICIOUS_MOVE = YES;
				CLANG_WARN_UNGUARDED_AVAILABILITY = YES_AGGRESSIVE;
				CLANG_WARN_UNREACHABLE_CODE = YES;
				CLANG_WARN__DUPLICATE_METHOD_MATCH = YES;
				CODE_SIGN_IDENTITY = "iPhone Developer";
				COPY_PHASE_STRIP = NO;
				DEBUG_INFORMATION_FORMAT = dwarf;
				ENABLE_STRICT_OBJC_MSGSEND = YES;
				ENABLE_TESTABILITY = YES;
				GCC_C_LANGUAGE_STANDARD = gnu11;
				GCC_DYNAMIC_NO_PIC = NO;
				GCC_NO_COMMON_BLOCKS = YES;
				GCC_OPTIMIZATION_LEVEL = 0;
				GCC_PREPROCESSOR_DEFINITIONS = (
					"DEBUG=1",
					"$(inherited)",
				);
				GCC_WARN_64_TO_32_BIT_CONVERSION = YES;
				GCC_WARN_ABOUT_RETURN_TYPE = YES_ERROR;
				GCC_WARN_UNDECLARED_SELECTOR = YES;
				GCC_WARN_UNINITIALIZED_AUTOS = YES_AGGRESSIVE;
				GCC_WARN_UNUSED_FUNCTION = YES;
				GCC_WARN_UNUSED_VARIABLE = YES;
				IPHONEOS_DEPLOYMENT_TARGET = 9.0;
				MTL_ENABLE_DEBUG_INFO = YES;
				ONLY_ACTIVE_ARCH = YES;
				SDKROOT = iphoneos;
				SWIFT_ACTIVE_COMPILATION_CONDITIONS = DEBUG;
				SWIFT_OPTIMIZATION_LEVEL = "-Onone";
				VALIDATE_PRODUCT = YES;
			};
			name = Debug;
		};
		FA3BB2842008B41B00E06F8F /* Release */ = {
			isa = XCBuildConfiguration;
			buildSettings = {
				ALWAYS_SEARCH_USER_PATHS = NO;
				CLANG_ANALYZER_NONNULL = YES;
				CLANG_ANALYZER_NUMBER_OBJECT_CONVERSION = YES_AGGRESSIVE;
				CLANG_CXX_LANGUAGE_STANDARD = "gnu++14";
				CLANG_CXX_LIBRARY = "libc++";
				CLANG_ENABLE_MODULES = YES;
				CLANG_ENABLE_OBJC_ARC = YES;
				CLANG_WARN_BLOCK_CAPTURE_AUTORELEASING = YES;
				CLANG_WARN_BOOL_CONVERSION = YES;
				CLANG_WARN_COMMA = YES;
				CLANG_WARN_CONSTANT_CONVERSION = YES;
				CLANG_WARN_DEPRECATED_OBJC_IMPLEMENTATIONS = YES;
				CLANG_WARN_DIRECT_OBJC_ISA_USAGE = YES_ERROR;
				CLANG_WARN_DOCUMENTATION_COMMENTS = YES;
				CLANG_WARN_EMPTY_BODY = YES;
				CLANG_WARN_ENUM_CONVERSION = YES;
				CLANG_WARN_INFINITE_RECURSION = YES;
				CLANG_WARN_INT_CONVERSION = YES;
				CLANG_WARN_NON_LITERAL_NULL_CONVERSION = YES;
				CLANG_WARN_OBJC_IMPLICIT_RETAIN_SELF = YES;
				CLANG_WARN_OBJC_LITERAL_CONVERSION = YES;
				CLANG_WARN_OBJC_ROOT_CLASS = YES_ERROR;
				CLANG_WARN_RANGE_LOOP_ANALYSIS = YES;
				CLANG_WARN_STRICT_PROTOTYPES = YES;
				CLANG_WARN_SUSPICIOUS_MOVE = YES;
				CLANG_WARN_UNGUARDED_AVAILABILITY = YES_AGGRESSIVE;
				CLANG_WARN_UNREACHABLE_CODE = YES;
				CLANG_WARN__DUPLICATE_METHOD_MATCH = YES;
				CODE_SIGN_IDENTITY = "iPhone Developer";
				COPY_PHASE_STRIP = NO;
				DEBUG_INFORMATION_FORMAT = "dwarf-with-dsym";
				ENABLE_NS_ASSERTIONS = NO;
				ENABLE_STRICT_OBJC_MSGSEND = YES;
				GCC_C_LANGUAGE_STANDARD = gnu11;
				GCC_NO_COMMON_BLOCKS = YES;
				GCC_WARN_64_TO_32_BIT_CONVERSION = YES;
				GCC_WARN_ABOUT_RETURN_TYPE = YES_ERROR;
				GCC_WARN_UNDECLARED_SELECTOR = YES;
				GCC_WARN_UNINITIALIZED_AUTOS = YES_AGGRESSIVE;
				GCC_WARN_UNUSED_FUNCTION = YES;
				GCC_WARN_UNUSED_VARIABLE = YES;
				IPHONEOS_DEPLOYMENT_TARGET = 9.0;
				MTL_ENABLE_DEBUG_INFO = NO;
				ONLY_ACTIVE_ARCH = YES;
				SDKROOT = iphoneos;
				SWIFT_OPTIMIZATION_LEVEL = "-Owholemodule";
				VALIDATE_PRODUCT = NO;
			};
			name = Release;
		};
		FA3BB2862008B41B00E06F8F /* Debug */ = {
			isa = XCBuildConfiguration;
			buildSettings = {
				ASSETCATALOG_COMPILER_APPICON_NAME = AppIcon;
				CODE_SIGN_STYLE = Automatic;
				DEVELOPMENT_TEAM = DLBPF33SX6;
				INFOPLIST_FILE = "$(SRCROOT)/Example/Resources/Info.plist";
				IPHONEOS_DEPLOYMENT_TARGET = 10.0;
				LD_RUNPATH_SEARCH_PATHS = "$(inherited) @executable_path/Frameworks";
				MARKETING_VERSION = 1.0.0;
				PRODUCT_BUNDLE_IDENTIFIER = com.jzorz.SimpleAlertPickers;
				PRODUCT_NAME = "$(TARGET_NAME)";
				SWIFT_VERSION = 5.0;
				TARGETED_DEVICE_FAMILY = "1,2";
			};
			name = Debug;
		};
		FA3BB2872008B41B00E06F8F /* Release */ = {
			isa = XCBuildConfiguration;
			buildSettings = {
				ASSETCATALOG_COMPILER_APPICON_NAME = AppIcon;
				CODE_SIGN_STYLE = Automatic;
				DEVELOPMENT_TEAM = DLBPF33SX6;
				INFOPLIST_FILE = "$(SRCROOT)/Example/Resources/Info.plist";
				IPHONEOS_DEPLOYMENT_TARGET = 10.0;
				LD_RUNPATH_SEARCH_PATHS = "$(inherited) @executable_path/Frameworks";
				MARKETING_VERSION = 1.0.0;
				PRODUCT_BUNDLE_IDENTIFIER = com.jzorz.SimpleAlertPickers;
				PRODUCT_NAME = "$(TARGET_NAME)";
				SWIFT_VERSION = 5.0;
				TARGETED_DEVICE_FAMILY = "1,2";
			};
			name = Release;
		};
/* End XCBuildConfiguration section */

/* Begin XCConfigurationList section */
		FA3BB26E2008B41B00E06F8F /* Build configuration list for PBXProject "SimpleAlertPickers" */ = {
			isa = XCConfigurationList;
			buildConfigurations = (
				FA3BB2832008B41B00E06F8F /* Debug */,
				FA3BB2842008B41B00E06F8F /* Release */,
			);
			defaultConfigurationIsVisible = 0;
			defaultConfigurationName = Release;
		};
		FA3BB2852008B41B00E06F8F /* Build configuration list for PBXNativeTarget "SimpleAlertPickers" */ = {
			isa = XCConfigurationList;
			buildConfigurations = (
				FA3BB2862008B41B00E06F8F /* Debug */,
				FA3BB2872008B41B00E06F8F /* Release */,
			);
			defaultConfigurationIsVisible = 0;
			defaultConfigurationName = Release;
		};
/* End XCConfigurationList section */
	};
	rootObject = FA3BB26B2008B41B00E06F8F /* Project object */;
}
